
Microsoft Visual Studio Solution File, Format Version 12.00
# Visual Studio Version 16
VisualStudioVersion = 16.0.31515.178
MinimumVisualStudioVersion = 10.0.40219.1
Project("{2150E333-8FDC-42A3-9474-1A3956D46DE8}") = "Application", "Application", "{B6386952-794E-4E07-A7C9-2044E03E4FB7}"
EndProject
Project("{2150E333-8FDC-42A3-9474-1A3956D46DE8}") = "Domain", "Domain", "{7E48633A-661C-48D2-B99F-833F347D3B00}"
EndProject
Project("{2150E333-8FDC-42A3-9474-1A3956D46DE8}") = "Infra.IoC", "Infra.IoC", "{278496BF-F6AF-424C-9702-6D388C00288F}"
EndProject
Project("{2150E333-8FDC-42A3-9474-1A3956D46DE8}") = "Infra.Data", "Infra.Data", "{A30C1B7B-F128-497B-A9B6-C4FE5680D09B}"
EndProject
Project("{2150E333-8FDC-42A3-9474-1A3956D46DE8}") = "Presentation", "Presentation", "{6EA1510B-DEEE-47B3-A589-CE6B7CD77FD9}"
EndProject
Project("{9A19103F-16F7-4668-BE54-9A1E7A4F7556}") = "CleanArch.Mvc", "CleanArch.Mvc\CleanArch.Mvc.csproj", "{C2F4AD60-DF7E-49D0-8D53-2A801E90771F}"
EndProject
Project("{9A19103F-16F7-4668-BE54-9A1E7A4F7556}") = "CleanArch.Domain", "CleanArch.Domain\CleanArch.Domain.csproj", "{0571054B-1E5B-4F38-95C8-B406205BBFD4}"
EndProject
Project("{9A19103F-16F7-4668-BE54-9A1E7A4F7556}") = "CleanArch.Infra.Data", "CleanArch.Infra.Data\CleanArch.Infra.Data.csproj", "{40615AA2-ECF0-4A3E-A40F-72E5A7FE2EF0}"
EndProject
Project("{9A19103F-16F7-4668-BE54-9A1E7A4F7556}") = "CleanArch.Appication", "CleanArch.Appication\CleanArch.Appication.csproj", "{A834A61B-BB44-49A8-BAD4-F36B6C1A4EBC}"
EndProject
Project("{FAE04EC0-301F-11D3-BF4B-00C04F79EFBC}") = "CleanArch.Infra.IoC", "CleanArch.Infra.IoC\CleanArch.Infra.IoC.csproj", "{D604B133-32EE-4941-97D7-B4CDFDBFE2E9}"
EndProject
Global
	GlobalSection(SolutionConfigurationPlatforms) = preSolution
		Debug|Any CPU = Debug|Any CPU
		Release|Any CPU = Release|Any CPU
	EndGlobalSection
	GlobalSection(ProjectConfigurationPlatforms) = postSolution
		{C2F4AD60-DF7E-49D0-8D53-2A801E90771F}.Debug|Any CPU.ActiveCfg = Debug|Any CPU
		{C2F4AD60-DF7E-49D0-8D53-2A801E90771F}.Debug|Any CPU.Build.0 = Debug|Any CPU
		{C2F4AD60-DF7E-49D0-8D53-2A801E90771F}.Release|Any CPU.ActiveCfg = Release|Any CPU
		{C2F4AD60-DF7E-49D0-8D53-2A801E90771F}.Release|Any CPU.Build.0 = Release|Any CPU
		{0571054B-1E5B-4F38-95C8-B406205BBFD4}.Debug|Any CPU.ActiveCfg = Debug|Any CPU
		{0571054B-1E5B-4F38-95C8-B406205BBFD4}.Debug|Any CPU.Build.0 = Debug|Any CPU
		{0571054B-1E5B-4F38-95C8-B406205BBFD4}.Release|Any CPU.ActiveCfg = Release|Any CPU
		{0571054B-1E5B-4F38-95C8-B406205BBFD4}.Release|Any CPU.Build.0 = Release|Any CPU
		{40615AA2-ECF0-4A3E-A40F-72E5A7FE2EF0}.Debug|Any CPU.ActiveCfg = Debug|Any CPU
		{40615AA2-ECF0-4A3E-A40F-72E5A7FE2EF0}.Debug|Any CPU.Build.0 = Debug|Any CPU
		{40615AA2-ECF0-4A3E-A40F-72E5A7FE2EF0}.Release|Any CPU.ActiveCfg = Release|Any CPU
		{40615AA2-ECF0-4A3E-A40F-72E5A7FE2EF0}.Release|Any CPU.Build.0 = Release|Any CPU
		{A834A61B-BB44-49A8-BAD4-F36B6C1A4EBC}.Debug|Any CPU.ActiveCfg = Debug|Any CPU
		{A834A61B-BB44-49A8-BAD4-F36B6C1A4EBC}.Debug|Any CPU.Build.0 = Debug|Any CPU
		{A834A61B-BB44-49A8-BAD4-F36B6C1A4EBC}.Release|Any CPU.ActiveCfg = Release|Any CPU
		{A834A61B-BB44-49A8-BAD4-F36B6C1A4EBC}.Release|Any CPU.Build.0 = Release|Any CPU
		{D604B133-32EE-4941-97D7-B4CDFDBFE2E9}.Debug|Any CPU.ActiveCfg = Debug|Any CPU
		{D604B133-32EE-4941-97D7-B4CDFDBFE2E9}.Debug|Any CPU.Build.0 = Debug|Any CPU
		{D604B133-32EE-4941-97D7-B4CDFDBFE2E9}.Release|Any CPU.ActiveCfg = Release|Any CPU
		{D604B133-32EE-4941-97D7-B4CDFDBFE2E9}.Release|Any CPU.Build.0 = Release|Any CPU
	EndGlobalSection
	GlobalSection(SolutionProperties) = preSolution
		HideSolutionNode = FALSE
	EndGlobalSection
	GlobalSection(NestedProjects) = preSolution
		{C2F4AD60-DF7E-49D0-8D53-2A801E90771F} = {6EA1510B-DEEE-47B3-A589-CE6B7CD77FD9}
		{0571054B-1E5B-4F38-95C8-B406205BBFD4} = {7E48633A-661C-48D2-B99F-833F347D3B00}
		{40615AA2-ECF0-4A3E-A40F-72E5A7FE2EF0} = {A30C1B7B-F128-497B-A9B6-C4FE5680D09B}
		{A834A61B-BB44-49A8-BAD4-F36B6C1A4EBC} = {B6386952-794E-4E07-A7C9-2044E03E4FB7}
		{D604B133-32EE-4941-97D7-B4CDFDBFE2E9} = {278496BF-F6AF-424C-9702-6D388C00288F}
	EndGlobalSection
	GlobalSection(ExtensibilityGlobals) = postSolution
		SolutionGuid = {6BD969D7-4091-40E1-8A75-4ECFB0186585}
	EndGlobalSection
EndGlobal
